
Microsoft Visual Studio Solution File, Format Version 12.00
# Visual Studio Version 17
VisualStudioVersion = 17.4.33205.214
MinimumVisualStudioVersion = 10.0.40219.1
Project("{FAE04EC0-301F-11D3-BF4B-00C04F79EFBC}") = "PasswordGenerator", "PasswordGenerator.csproj", "{D7A514B8-11A6-49EB-9FCD-01D9B30E06B3}"
EndProject
Global
	GlobalSection(SolutionConfigurationPlatforms) = preSolution
		Debug|Any CPU = Debug|Any CPU
		Release|Any CPU = Release|Any CPU
	EndGlobalSection
	GlobalSection(ProjectConfigurationPlatforms) = postSolution
		{D7A514B8-11A6-49EB-9FCD-01D9B30E06B3}.Debug|Any CPU.ActiveCfg = Debug|Any CPU
		{D7A514B8-11A6-49EB-9FCD-01D9B30E06B3}.Debug|Any CPU.Build.0 = Debug|Any CPU
		{D7A514B8-11A6-49EB-9FCD-01D9B30E06B3}.Release|Any CPU.ActiveCfg = Release|Any CPU
		{D7A514B8-11A6-49EB-9FCD-01D9B30E06B3}.Release|Any CPU.Build.0 = Release|Any CPU
	EndGlobalSection
	GlobalSection(SolutionProperties) = preSolution
		HideSolutionNode = FALSE
	EndGlobalSection
	GlobalSection(ExtensibilityGlobals) = postSolution
		SolutionGuid = {59C93539-2DD4-4652-B5CF-02A1C43EA2AD}
	EndGlobalSection
EndGlobal
